
Microsoft Visual Studio Solution File, Format Version 11.00
# Visual Studio 2010
Project("{FAE04EC0-301F-11D3-BF4B-00C04F79EFBC}") = "Alpha Balls", "Assembly-CSharp.csproj", "{AFB9C7E0-E129-CB08-0EF0-A2BC262BE93C}"
EndProject
Global
	GlobalSection(SolutionConfigurationPlatforms) = preSolution
		Debug|Any CPU = Debug|Any CPU
		Release|Any CPU = Release|Any CPU
	EndGlobalSection
	GlobalSection(ProjectConfigurationPlatforms) = postSolution
		{AFB9C7E0-E129-CB08-0EF0-A2BC262BE93C}.Debug|Any CPU.ActiveCfg = Debug|Any CPU
		{AFB9C7E0-E129-CB08-0EF0-A2BC262BE93C}.Debug|Any CPU.Build.0 = Debug|Any CPU
		{AFB9C7E0-E129-CB08-0EF0-A2BC262BE93C}.Release|Any CPU.ActiveCfg = Release|Any CPU
		{AFB9C7E0-E129-CB08-0EF0-A2BC262BE93C}.Release|Any CPU.Build.0 = Release|Any CPU
	EndGlobalSection
	GlobalSection(SolutionProperties) = preSolution
		HideSolutionNode = FALSE
	EndGlobalSection
	GlobalSection(MonoDevelopProperties) = preSolution
		StartupItem = Assembly-CSharp.csproj
	EndGlobalSection
EndGlobal
